
Microsoft Visual Studio Solution File, Format Version 12.00
# Visual Studio Version 17
VisualStudioVersion = 17.13.35825.156 d17.13
MinimumVisualStudioVersion = 10.0.40219.1
Project("{FAE04EC0-301F-11D3-BF4B-00C04F79EFBC}") = "StormSafe", "StormSafe.csproj", "{1E7E366C-603E-43FB-8BB5-2438F41FE959}"
EndProject
Global
	GlobalSection(SolutionConfigurationPlatforms) = preSolution
		Debug|Any CPU = Debug|Any CPU
		Release|Any CPU = Release|Any CPU
	EndGlobalSection
	GlobalSection(ProjectConfigurationPlatforms) = postSolution
		{1E7E366C-603E-43FB-8BB5-2438F41FE959}.Debug|Any CPU.ActiveCfg = Debug|Any CPU
		{1E7E366C-603E-43FB-8BB5-2438F41FE959}.Debug|Any CPU.Build.0 = Debug|Any CPU
		{1E7E366C-603E-43FB-8BB5-2438F41FE959}.Release|Any CPU.ActiveCfg = Release|Any CPU
		{1E7E366C-603E-43FB-8BB5-2438F41FE959}.Release|Any CPU.Build.0 = Release|Any CPU
	EndGlobalSection
	GlobalSection(SolutionProperties) = preSolution
		HideSolutionNode = FALSE
	EndGlobalSection
	GlobalSection(ExtensibilityGlobals) = postSolution
		SolutionGuid = {AF6944E4-3D76-4C99-8BF9-FB605D9AC84F}
	EndGlobalSection
EndGlobal
